
Microsoft Visual Studio Solution File, Format Version 12.00
# Visual Studio Version 17
VisualStudioVersion = 17.4.33213.308
MinimumVisualStudioVersion = 10.0.40219.1
Project("{FAE04EC0-301F-11D3-BF4B-00C04F79EFBC}") = "Taxi.Server.Order.Microservice.Api", "Taxi.Server.Order.Microservice.Api\Taxi.Server.Order.Microservice.Api.csproj", "{A93A9E9B-5C41-4259-BF34-D0B2844880A1}"
EndProject
Project("{FAE04EC0-301F-11D3-BF4B-00C04F79EFBC}") = "Taxi.Server.Order.Microservice.Domain", "Taxi.Server.Order.Microservice.Domain\Taxi.Server.Order.Microservice.Domain.csproj", "{8494870A-9A09-4B11-98BB-7A4F2AB18795}"
EndProject
Project("{FAE04EC0-301F-11D3-BF4B-00C04F79EFBC}") = "Taxi.Server.Order.Microservice.Application", "Taxi.Server.Order.Microservice.Application\Taxi.Server.Order.Microservice.Application.csproj", "{2580C0ED-AEC9-4892-B102-482B39667D2A}"
EndProject
Global
	GlobalSection(SolutionConfigurationPlatforms) = preSolution
		Debug|Any CPU = Debug|Any CPU
		Release|Any CPU = Release|Any CPU
	EndGlobalSection
	GlobalSection(ProjectConfigurationPlatforms) = postSolution
		{A93A9E9B-5C41-4259-BF34-D0B2844880A1}.Debug|Any CPU.ActiveCfg = Debug|Any CPU
		{A93A9E9B-5C41-4259-BF34-D0B2844880A1}.Debug|Any CPU.Build.0 = Debug|Any CPU
		{A93A9E9B-5C41-4259-BF34-D0B2844880A1}.Release|Any CPU.ActiveCfg = Release|Any CPU
		{A93A9E9B-5C41-4259-BF34-D0B2844880A1}.Release|Any CPU.Build.0 = Release|Any CPU
		{8494870A-9A09-4B11-98BB-7A4F2AB18795}.Debug|Any CPU.ActiveCfg = Debug|Any CPU
		{8494870A-9A09-4B11-98BB-7A4F2AB18795}.Debug|Any CPU.Build.0 = Debug|Any CPU
		{8494870A-9A09-4B11-98BB-7A4F2AB18795}.Release|Any CPU.ActiveCfg = Release|Any CPU
		{8494870A-9A09-4B11-98BB-7A4F2AB18795}.Release|Any CPU.Build.0 = Release|Any CPU
		{2580C0ED-AEC9-4892-B102-482B39667D2A}.Debug|Any CPU.ActiveCfg = Debug|Any CPU
		{2580C0ED-AEC9-4892-B102-482B39667D2A}.Debug|Any CPU.Build.0 = Debug|Any CPU
		{2580C0ED-AEC9-4892-B102-482B39667D2A}.Release|Any CPU.ActiveCfg = Release|Any CPU
		{2580C0ED-AEC9-4892-B102-482B39667D2A}.Release|Any CPU.Build.0 = Release|Any CPU
	EndGlobalSection
	GlobalSection(SolutionProperties) = preSolution
		HideSolutionNode = FALSE
	EndGlobalSection
	GlobalSection(ExtensibilityGlobals) = postSolution
		SolutionGuid = {483C4534-349D-49EF-9022-EEDDFBD2518D}
	EndGlobalSection
EndGlobal
